
Microsoft Visual Studio Solution File, Format Version 12.00
# Visual Studio 14
VisualStudioVersion = 14.0.25123.0
MinimumVisualStudioVersion = 10.0.40219.1
Project("{FAE04EC0-301F-11D3-BF4B-00C04F79EFBC}") = "01_Threads", "Threads\01_Threads.csproj", "{B0C33C08-DEC2-4ECD-BE2E-BBA08EEA8F32}"
EndProject
Project("{FAE04EC0-301F-11D3-BF4B-00C04F79EFBC}") = "02_CriticalSection", "CriticalSection\02_CriticalSection.csproj", "{A9894967-7C63-4D2E-AB2B-E13CB311FEC7}"
EndProject
Project("{FAE04EC0-301F-11D3-BF4B-00C04F79EFBC}") = "03_ThreadJoin", "ThreadJoin\03_ThreadJoin.csproj", "{7A56BC33-B8B4-472B-969A-20F221360F7F}"
EndProject
Global
	GlobalSection(SolutionConfigurationPlatforms) = preSolution
		Debug|Any CPU = Debug|Any CPU
		Release|Any CPU = Release|Any CPU
	EndGlobalSection
	GlobalSection(ProjectConfigurationPlatforms) = postSolution
		{B0C33C08-DEC2-4ECD-BE2E-BBA08EEA8F32}.Debug|Any CPU.ActiveCfg = Debug|Any CPU
		{B0C33C08-DEC2-4ECD-BE2E-BBA08EEA8F32}.Debug|Any CPU.Build.0 = Debug|Any CPU
		{B0C33C08-DEC2-4ECD-BE2E-BBA08EEA8F32}.Release|Any CPU.ActiveCfg = Release|Any CPU
		{B0C33C08-DEC2-4ECD-BE2E-BBA08EEA8F32}.Release|Any CPU.Build.0 = Release|Any CPU
		{A9894967-7C63-4D2E-AB2B-E13CB311FEC7}.Debug|Any CPU.ActiveCfg = Debug|Any CPU
		{A9894967-7C63-4D2E-AB2B-E13CB311FEC7}.Debug|Any CPU.Build.0 = Debug|Any CPU
		{A9894967-7C63-4D2E-AB2B-E13CB311FEC7}.Release|Any CPU.ActiveCfg = Release|Any CPU
		{A9894967-7C63-4D2E-AB2B-E13CB311FEC7}.Release|Any CPU.Build.0 = Release|Any CPU
		{7A56BC33-B8B4-472B-969A-20F221360F7F}.Debug|Any CPU.ActiveCfg = Debug|Any CPU
		{7A56BC33-B8B4-472B-969A-20F221360F7F}.Debug|Any CPU.Build.0 = Debug|Any CPU
		{7A56BC33-B8B4-472B-969A-20F221360F7F}.Release|Any CPU.ActiveCfg = Release|Any CPU
		{7A56BC33-B8B4-472B-969A-20F221360F7F}.Release|Any CPU.Build.0 = Release|Any CPU
	EndGlobalSection
	GlobalSection(SolutionProperties) = preSolution
		HideSolutionNode = FALSE
	EndGlobalSection
EndGlobal
